
Microsoft Visual Studio Solution File, Format Version 12.00
# Visual Studio 15
VisualStudioVersion = 15.0.28307.1082
MinimumVisualStudioVersion = 10.0.40219.1
Project("{8BC9CEB8-8B4A-11D0-8D11-00A0C91BC942}") = "ArcanoidApp", "ArcanoidApp.vcxproj", "{88E51BBE-7077-4191-A8D1-97BF31D363AE}"
EndProject
Global
	GlobalSection(SolutionConfigurationPlatforms) = preSolution
		Debug|x86 = Debug|x86
		Release|x86 = Release|x86
	EndGlobalSection
	GlobalSection(ProjectConfigurationPlatforms) = postSolution
		{88E51BBE-7077-4191-A8D1-97BF31D363AE}.Debug|x86.ActiveCfg = Debug|Win32
		{88E51BBE-7077-4191-A8D1-97BF31D363AE}.Debug|x86.Build.0 = Debug|Win32
		{88E51BBE-7077-4191-A8D1-97BF31D363AE}.Release|x86.ActiveCfg = Release|Win32
		{88E51BBE-7077-4191-A8D1-97BF31D363AE}.Release|x86.Build.0 = Release|Win32
	EndGlobalSection
	GlobalSection(SolutionProperties) = preSolution
		HideSolutionNode = FALSE
	EndGlobalSection
	GlobalSection(ExtensibilityGlobals) = postSolution
		SolutionGuid = {A73810DA-C27B-409F-B972-A43BB0120A5D}
	EndGlobalSection
EndGlobal
